
Microsoft Visual Studio Solution File, Format Version 12.00
# Visual Studio Version 17
VisualStudioVersion = 17.1.32228.430
MinimumVisualStudioVersion = 10.0.40219.1
Project("{FAE04EC0-301F-11D3-BF4B-00C04F79EFBC}") = "Wordle", "Wordle\Wordle.csproj", "{6F5AD730-26AD-423E-B249-C86A5BD7E15C}"
EndProject
Global
	GlobalSection(SolutionConfigurationPlatforms) = preSolution
		Debug|Any CPU = Debug|Any CPU
		Release|Any CPU = Release|Any CPU
	EndGlobalSection
	GlobalSection(ProjectConfigurationPlatforms) = postSolution
		{6F5AD730-26AD-423E-B249-C86A5BD7E15C}.Debug|Any CPU.ActiveCfg = Debug|Any CPU
		{6F5AD730-26AD-423E-B249-C86A5BD7E15C}.Debug|Any CPU.Build.0 = Debug|Any CPU
		{6F5AD730-26AD-423E-B249-C86A5BD7E15C}.Release|Any CPU.ActiveCfg = Release|Any CPU
		{6F5AD730-26AD-423E-B249-C86A5BD7E15C}.Release|Any CPU.Build.0 = Release|Any CPU
	EndGlobalSection
	GlobalSection(SolutionProperties) = preSolution
		HideSolutionNode = FALSE
	EndGlobalSection
	GlobalSection(ExtensibilityGlobals) = postSolution
		SolutionGuid = {E39ABD4A-4868-4FFC-8030-C54983F40CCF}
	EndGlobalSection
EndGlobal
